
Microsoft Visual Studio Solution File, Format Version 12.00
# Visual Studio Version 16
VisualStudioVersion = 16.0.30320.27
MinimumVisualStudioVersion = 10.0.40219.1
Project("{9A19103F-16F7-4668-BE54-9A1E7A4F7556}") = "In-Memory", "Serviceprovider\In-Memory\In-Memory.csproj", "{E630254D-C7B3-4E97-9089-CA59B11DEB89}"
EndProject
Project("{9A19103F-16F7-4668-BE54-9A1E7A4F7556}") = "Extensions", "Serviceprovider\Extensions\Extensions.csproj", "{280E55A2-DAA0-4E64-AEF3-9DA748538D2A}"
EndProject
Project("{9A19103F-16F7-4668-BE54-9A1E7A4F7556}") = "AuthenticationAndAuthorization", "Serviceprovider\AuthenticationAndAuthorization\AuthenticationAndAuthorization.csproj", "{0EBD6A02-B0D9-45B6-9B61-9ADB5D2F9240}"
EndProject
Project("{2150E333-8FDC-42A3-9474-1A3956D46DE8}") = "ServiceProvider", "ServiceProvider", "{C143F57F-4857-4C83-9E40-B57EC9586BFE}"
EndProject
Project("{FAE04EC0-301F-11D3-BF4B-00C04F79EFBC}") = "SimpleApp", "SimpleApp\SimpleApp.csproj", "{7E66F33C-E3F0-45D4-AA80-93A8D900B5A8}"
EndProject
Project("{FAE04EC0-301F-11D3-BF4B-00C04F79EFBC}") = "RolesAndEntitlements", "RolesAndEntitlements\RolesAndEntitlements.csproj", "{6EDB36F5-DA5A-45B6-A4C1-A8A73BF37AB3}"
EndProject
Project("{FAE04EC0-301F-11D3-BF4B-00C04F79EFBC}") = "Tests", "Tests\Tests.csproj", "{6534B4DE-496F-45E2-9DB4-9150FD0F88A5}"
EndProject
Global
	GlobalSection(SolutionConfigurationPlatforms) = preSolution
		Debug|Any CPU = Debug|Any CPU
		Release|Any CPU = Release|Any CPU
	EndGlobalSection
	GlobalSection(ProjectConfigurationPlatforms) = postSolution
		{E630254D-C7B3-4E97-9089-CA59B11DEB89}.Debug|Any CPU.ActiveCfg = Debug|Any CPU
		{E630254D-C7B3-4E97-9089-CA59B11DEB89}.Debug|Any CPU.Build.0 = Debug|Any CPU
		{E630254D-C7B3-4E97-9089-CA59B11DEB89}.Release|Any CPU.ActiveCfg = Release|Any CPU
		{E630254D-C7B3-4E97-9089-CA59B11DEB89}.Release|Any CPU.Build.0 = Release|Any CPU
		{280E55A2-DAA0-4E64-AEF3-9DA748538D2A}.Debug|Any CPU.ActiveCfg = Debug|Any CPU
		{280E55A2-DAA0-4E64-AEF3-9DA748538D2A}.Debug|Any CPU.Build.0 = Debug|Any CPU
		{280E55A2-DAA0-4E64-AEF3-9DA748538D2A}.Release|Any CPU.ActiveCfg = Release|Any CPU
		{280E55A2-DAA0-4E64-AEF3-9DA748538D2A}.Release|Any CPU.Build.0 = Release|Any CPU
		{0EBD6A02-B0D9-45B6-9B61-9ADB5D2F9240}.Debug|Any CPU.ActiveCfg = Debug|Any CPU
		{0EBD6A02-B0D9-45B6-9B61-9ADB5D2F9240}.Debug|Any CPU.Build.0 = Debug|Any CPU
		{0EBD6A02-B0D9-45B6-9B61-9ADB5D2F9240}.Release|Any CPU.ActiveCfg = Release|Any CPU
		{0EBD6A02-B0D9-45B6-9B61-9ADB5D2F9240}.Release|Any CPU.Build.0 = Release|Any CPU
		{7E66F33C-E3F0-45D4-AA80-93A8D900B5A8}.Debug|Any CPU.ActiveCfg = Debug|Any CPU
		{7E66F33C-E3F0-45D4-AA80-93A8D900B5A8}.Debug|Any CPU.Build.0 = Debug|Any CPU
		{7E66F33C-E3F0-45D4-AA80-93A8D900B5A8}.Release|Any CPU.ActiveCfg = Release|Any CPU
		{7E66F33C-E3F0-45D4-AA80-93A8D900B5A8}.Release|Any CPU.Build.0 = Release|Any CPU
		{6EDB36F5-DA5A-45B6-A4C1-A8A73BF37AB3}.Debug|Any CPU.ActiveCfg = Debug|Any CPU
		{6EDB36F5-DA5A-45B6-A4C1-A8A73BF37AB3}.Debug|Any CPU.Build.0 = Debug|Any CPU
		{6EDB36F5-DA5A-45B6-A4C1-A8A73BF37AB3}.Release|Any CPU.ActiveCfg = Release|Any CPU
		{6EDB36F5-DA5A-45B6-A4C1-A8A73BF37AB3}.Release|Any CPU.Build.0 = Release|Any CPU
		{6534B4DE-496F-45E2-9DB4-9150FD0F88A5}.Debug|Any CPU.ActiveCfg = Debug|Any CPU
		{6534B4DE-496F-45E2-9DB4-9150FD0F88A5}.Debug|Any CPU.Build.0 = Debug|Any CPU
		{6534B4DE-496F-45E2-9DB4-9150FD0F88A5}.Release|Any CPU.ActiveCfg = Release|Any CPU
		{6534B4DE-496F-45E2-9DB4-9150FD0F88A5}.Release|Any CPU.Build.0 = Release|Any CPU
	EndGlobalSection
	GlobalSection(SolutionProperties) = preSolution
		HideSolutionNode = FALSE
	EndGlobalSection
	GlobalSection(NestedProjects) = preSolution
		{E630254D-C7B3-4E97-9089-CA59B11DEB89} = {C143F57F-4857-4C83-9E40-B57EC9586BFE}
		{280E55A2-DAA0-4E64-AEF3-9DA748538D2A} = {C143F57F-4857-4C83-9E40-B57EC9586BFE}
		{0EBD6A02-B0D9-45B6-9B61-9ADB5D2F9240} = {C143F57F-4857-4C83-9E40-B57EC9586BFE}
	EndGlobalSection
	GlobalSection(ExtensibilityGlobals) = postSolution
		SolutionGuid = {560A4393-685C-4067-8054-2FF27856D888}
	EndGlobalSection
EndGlobal
