
Microsoft Visual Studio Solution File, Format Version 12.00
# Visual Studio Version 16
VisualStudioVersion = 16.0.30320.27
MinimumVisualStudioVersion = 10.0.40219.1
Project("{9A19103F-16F7-4668-BE54-9A1E7A4F7556}") = "In-Memory", "Serviceprovider\In-Memory\In-Memory.csproj", "{E630254D-C7B3-4E97-9089-CA59B11DEB89}"
EndProject
Project("{9A19103F-16F7-4668-BE54-9A1E7A4F7556}") = "Extensions", "Serviceprovider\Extensions\Extensions.csproj", "{280E55A2-DAA0-4E64-AEF3-9DA748538D2A}"
EndProject
Project("{9A19103F-16F7-4668-BE54-9A1E7A4F7556}") = "EntityFramework", "Serviceprovider\EntityFramework\EntityFramework.csproj", "{4110437D-4764-47EB-A37A-55F9469D1D18}"
EndProject
Project("{9A19103F-16F7-4668-BE54-9A1E7A4F7556}") = "AspNetIdentity", "Serviceprovider\AspNetIdentity\AspNetIdentity.csproj", "{F4E37839-F1D6-4935-89A8-1D3FCEEBA8E7}"
EndProject
Project("{9A19103F-16F7-4668-BE54-9A1E7A4F7556}") = "CustomStoreAndValidation", "Serviceprovider\CustomStoreAndValidation\CustomStoreAndValidation.csproj", "{26F580FF-F11B-466E-A377-308A3FD86F08}"
EndProject
Project("{9A19103F-16F7-4668-BE54-9A1E7A4F7556}") = "AuthenticationAndAuthorization", "Serviceprovider\AuthenticationAndAuthorization\AuthenticationAndAuthorization.csproj", "{0EBD6A02-B0D9-45B6-9B61-9ADB5D2F9240}"
EndProject
Project("{2150E333-8FDC-42A3-9474-1A3956D46DE8}") = "ServiceProvider", "ServiceProvider", "{C143F57F-4857-4C83-9E40-B57EC9586BFE}"
EndProject
Project("{2150E333-8FDC-42A3-9474-1A3956D46DE8}") = "Client", "Client", "{71F37A6B-2E24-41C9-8B44-1C325BD998F1}"
EndProject
Project("{9A19103F-16F7-4668-BE54-9A1E7A4F7556}") = "DefaultResources", "Client\DefaultResources\DefaultResources.csproj", "{DBCE7303-E0BE-4D7A-8962-42B2D6B03691}"
EndProject
Project("{9A19103F-16F7-4668-BE54-9A1E7A4F7556}") = "Authentication", "Client\Authentication\Authentication.csproj", "{C6D845B4-EB53-4CBC-8BB4-BA8502047A5B}"
EndProject
Project("{9A19103F-16F7-4668-BE54-9A1E7A4F7556}") = "Caching", "Client\Caching\Caching.csproj", "{D159F101-324B-4CBE-A1FC-4D55C627AEA6}"
EndProject
Project("{9A19103F-16F7-4668-BE54-9A1E7A4F7556}") = "Configuration", "Client\Configuration\Configuration.csproj", "{1A291522-5C97-4B4B-A1FA-DD86433EE2F9}"
EndProject
Project("{9A19103F-16F7-4668-BE54-9A1E7A4F7556}") = "Shared", "Client\Shared\Shared.csproj", "{77AEE97C-E85B-4D0E-8646-3C23DFDFE2CD}"
EndProject
Project("{2150E333-8FDC-42A3-9474-1A3956D46DE8}") = "Interactive", "Interactive", "{4AF39DA9-A980-48D2-830E-ED39E12A5F80}"
EndProject
Project("{FAE04EC0-301F-11D3-BF4B-00C04F79EFBC}") = "InteractiveClient", "Interactive\InteractiveClient\InteractiveClient.csproj", "{0C7C25C7-994A-47B7-8CD5-43B283B0BE55}"
EndProject
Project("{FAE04EC0-301F-11D3-BF4B-00C04F79EFBC}") = "InteractiveServiceProvider", "Interactive\InteractiveServiceProvider\InteractiveServiceProvider.csproj", "{2C6DEE7D-31C1-4E35-8CE0-06ABC8DFF9F6}"
EndProject
Project("{FAE04EC0-301F-11D3-BF4B-00C04F79EFBC}") = "SimpleApp", "SimpleApp\SimpleApp.csproj", "{7E66F33C-E3F0-45D4-AA80-93A8D900B5A8}"
EndProject
Global
	GlobalSection(SolutionConfigurationPlatforms) = preSolution
		Debug|Any CPU = Debug|Any CPU
		Release|Any CPU = Release|Any CPU
	EndGlobalSection
	GlobalSection(ProjectConfigurationPlatforms) = postSolution
		{E630254D-C7B3-4E97-9089-CA59B11DEB89}.Debug|Any CPU.ActiveCfg = Debug|Any CPU
		{E630254D-C7B3-4E97-9089-CA59B11DEB89}.Debug|Any CPU.Build.0 = Debug|Any CPU
		{E630254D-C7B3-4E97-9089-CA59B11DEB89}.Release|Any CPU.ActiveCfg = Release|Any CPU
		{E630254D-C7B3-4E97-9089-CA59B11DEB89}.Release|Any CPU.Build.0 = Release|Any CPU
		{280E55A2-DAA0-4E64-AEF3-9DA748538D2A}.Debug|Any CPU.ActiveCfg = Debug|Any CPU
		{280E55A2-DAA0-4E64-AEF3-9DA748538D2A}.Debug|Any CPU.Build.0 = Debug|Any CPU
		{280E55A2-DAA0-4E64-AEF3-9DA748538D2A}.Release|Any CPU.ActiveCfg = Release|Any CPU
		{280E55A2-DAA0-4E64-AEF3-9DA748538D2A}.Release|Any CPU.Build.0 = Release|Any CPU
		{4110437D-4764-47EB-A37A-55F9469D1D18}.Debug|Any CPU.ActiveCfg = Debug|Any CPU
		{4110437D-4764-47EB-A37A-55F9469D1D18}.Debug|Any CPU.Build.0 = Debug|Any CPU
		{4110437D-4764-47EB-A37A-55F9469D1D18}.Release|Any CPU.ActiveCfg = Release|Any CPU
		{4110437D-4764-47EB-A37A-55F9469D1D18}.Release|Any CPU.Build.0 = Release|Any CPU
		{F4E37839-F1D6-4935-89A8-1D3FCEEBA8E7}.Debug|Any CPU.ActiveCfg = Debug|Any CPU
		{F4E37839-F1D6-4935-89A8-1D3FCEEBA8E7}.Debug|Any CPU.Build.0 = Debug|Any CPU
		{F4E37839-F1D6-4935-89A8-1D3FCEEBA8E7}.Release|Any CPU.ActiveCfg = Release|Any CPU
		{F4E37839-F1D6-4935-89A8-1D3FCEEBA8E7}.Release|Any CPU.Build.0 = Release|Any CPU
		{26F580FF-F11B-466E-A377-308A3FD86F08}.Debug|Any CPU.ActiveCfg = Debug|Any CPU
		{26F580FF-F11B-466E-A377-308A3FD86F08}.Debug|Any CPU.Build.0 = Debug|Any CPU
		{26F580FF-F11B-466E-A377-308A3FD86F08}.Release|Any CPU.ActiveCfg = Release|Any CPU
		{26F580FF-F11B-466E-A377-308A3FD86F08}.Release|Any CPU.Build.0 = Release|Any CPU
		{0EBD6A02-B0D9-45B6-9B61-9ADB5D2F9240}.Debug|Any CPU.ActiveCfg = Debug|Any CPU
		{0EBD6A02-B0D9-45B6-9B61-9ADB5D2F9240}.Debug|Any CPU.Build.0 = Debug|Any CPU
		{0EBD6A02-B0D9-45B6-9B61-9ADB5D2F9240}.Release|Any CPU.ActiveCfg = Release|Any CPU
		{0EBD6A02-B0D9-45B6-9B61-9ADB5D2F9240}.Release|Any CPU.Build.0 = Release|Any CPU
		{DBCE7303-E0BE-4D7A-8962-42B2D6B03691}.Debug|Any CPU.ActiveCfg = Debug|Any CPU
		{DBCE7303-E0BE-4D7A-8962-42B2D6B03691}.Debug|Any CPU.Build.0 = Debug|Any CPU
		{DBCE7303-E0BE-4D7A-8962-42B2D6B03691}.Release|Any CPU.ActiveCfg = Release|Any CPU
		{DBCE7303-E0BE-4D7A-8962-42B2D6B03691}.Release|Any CPU.Build.0 = Release|Any CPU
		{C6D845B4-EB53-4CBC-8BB4-BA8502047A5B}.Debug|Any CPU.ActiveCfg = Debug|Any CPU
		{C6D845B4-EB53-4CBC-8BB4-BA8502047A5B}.Debug|Any CPU.Build.0 = Debug|Any CPU
		{C6D845B4-EB53-4CBC-8BB4-BA8502047A5B}.Release|Any CPU.ActiveCfg = Release|Any CPU
		{C6D845B4-EB53-4CBC-8BB4-BA8502047A5B}.Release|Any CPU.Build.0 = Release|Any CPU
		{D159F101-324B-4CBE-A1FC-4D55C627AEA6}.Debug|Any CPU.ActiveCfg = Debug|Any CPU
		{D159F101-324B-4CBE-A1FC-4D55C627AEA6}.Debug|Any CPU.Build.0 = Debug|Any CPU
		{D159F101-324B-4CBE-A1FC-4D55C627AEA6}.Release|Any CPU.ActiveCfg = Release|Any CPU
		{D159F101-324B-4CBE-A1FC-4D55C627AEA6}.Release|Any CPU.Build.0 = Release|Any CPU
		{1A291522-5C97-4B4B-A1FA-DD86433EE2F9}.Debug|Any CPU.ActiveCfg = Debug|Any CPU
		{1A291522-5C97-4B4B-A1FA-DD86433EE2F9}.Debug|Any CPU.Build.0 = Debug|Any CPU
		{1A291522-5C97-4B4B-A1FA-DD86433EE2F9}.Release|Any CPU.ActiveCfg = Release|Any CPU
		{1A291522-5C97-4B4B-A1FA-DD86433EE2F9}.Release|Any CPU.Build.0 = Release|Any CPU
		{77AEE97C-E85B-4D0E-8646-3C23DFDFE2CD}.Debug|Any CPU.ActiveCfg = Debug|Any CPU
		{77AEE97C-E85B-4D0E-8646-3C23DFDFE2CD}.Debug|Any CPU.Build.0 = Debug|Any CPU
		{77AEE97C-E85B-4D0E-8646-3C23DFDFE2CD}.Release|Any CPU.ActiveCfg = Release|Any CPU
		{77AEE97C-E85B-4D0E-8646-3C23DFDFE2CD}.Release|Any CPU.Build.0 = Release|Any CPU
		{0C7C25C7-994A-47B7-8CD5-43B283B0BE55}.Debug|Any CPU.ActiveCfg = Debug|Any CPU
		{0C7C25C7-994A-47B7-8CD5-43B283B0BE55}.Debug|Any CPU.Build.0 = Debug|Any CPU
		{0C7C25C7-994A-47B7-8CD5-43B283B0BE55}.Release|Any CPU.ActiveCfg = Release|Any CPU
		{0C7C25C7-994A-47B7-8CD5-43B283B0BE55}.Release|Any CPU.Build.0 = Release|Any CPU
		{2C6DEE7D-31C1-4E35-8CE0-06ABC8DFF9F6}.Debug|Any CPU.ActiveCfg = Debug|Any CPU
		{2C6DEE7D-31C1-4E35-8CE0-06ABC8DFF9F6}.Debug|Any CPU.Build.0 = Debug|Any CPU
		{2C6DEE7D-31C1-4E35-8CE0-06ABC8DFF9F6}.Release|Any CPU.ActiveCfg = Release|Any CPU
		{2C6DEE7D-31C1-4E35-8CE0-06ABC8DFF9F6}.Release|Any CPU.Build.0 = Release|Any CPU
		{7E66F33C-E3F0-45D4-AA80-93A8D900B5A8}.Debug|Any CPU.ActiveCfg = Debug|Any CPU
		{7E66F33C-E3F0-45D4-AA80-93A8D900B5A8}.Debug|Any CPU.Build.0 = Debug|Any CPU
		{7E66F33C-E3F0-45D4-AA80-93A8D900B5A8}.Release|Any CPU.ActiveCfg = Release|Any CPU
		{7E66F33C-E3F0-45D4-AA80-93A8D900B5A8}.Release|Any CPU.Build.0 = Release|Any CPU
	EndGlobalSection
	GlobalSection(SolutionProperties) = preSolution
		HideSolutionNode = FALSE
	EndGlobalSection
	GlobalSection(NestedProjects) = preSolution
		{E630254D-C7B3-4E97-9089-CA59B11DEB89} = {C143F57F-4857-4C83-9E40-B57EC9586BFE}
		{280E55A2-DAA0-4E64-AEF3-9DA748538D2A} = {C143F57F-4857-4C83-9E40-B57EC9586BFE}
		{4110437D-4764-47EB-A37A-55F9469D1D18} = {C143F57F-4857-4C83-9E40-B57EC9586BFE}
		{F4E37839-F1D6-4935-89A8-1D3FCEEBA8E7} = {C143F57F-4857-4C83-9E40-B57EC9586BFE}
		{26F580FF-F11B-466E-A377-308A3FD86F08} = {C143F57F-4857-4C83-9E40-B57EC9586BFE}
		{0EBD6A02-B0D9-45B6-9B61-9ADB5D2F9240} = {C143F57F-4857-4C83-9E40-B57EC9586BFE}
		{DBCE7303-E0BE-4D7A-8962-42B2D6B03691} = {71F37A6B-2E24-41C9-8B44-1C325BD998F1}
		{C6D845B4-EB53-4CBC-8BB4-BA8502047A5B} = {71F37A6B-2E24-41C9-8B44-1C325BD998F1}
		{D159F101-324B-4CBE-A1FC-4D55C627AEA6} = {71F37A6B-2E24-41C9-8B44-1C325BD998F1}
		{1A291522-5C97-4B4B-A1FA-DD86433EE2F9} = {71F37A6B-2E24-41C9-8B44-1C325BD998F1}
		{77AEE97C-E85B-4D0E-8646-3C23DFDFE2CD} = {71F37A6B-2E24-41C9-8B44-1C325BD998F1}
		{0C7C25C7-994A-47B7-8CD5-43B283B0BE55} = {4AF39DA9-A980-48D2-830E-ED39E12A5F80}
		{2C6DEE7D-31C1-4E35-8CE0-06ABC8DFF9F6} = {4AF39DA9-A980-48D2-830E-ED39E12A5F80}
	EndGlobalSection
	GlobalSection(ExtensibilityGlobals) = postSolution
		SolutionGuid = {560A4393-685C-4067-8054-2FF27856D888}
	EndGlobalSection
EndGlobal
